
Microsoft Visual Studio Solution File, Format Version 12.00
# Visual Studio Version 16
VisualStudioVersion = 16.0.30804.86
MinimumVisualStudioVersion = 10.0.40219.1
Project("{8BC9CEB8-8B4A-11D0-8D11-00A0C91BC942}") = "c-programming-050-ConvertToUpperCase", "c-programming-050-ConvertToUpperCase\c-programming-050-ConvertToUpperCase.vcxproj", "{DA83B347-95FA-4D89-83F4-EEAB28881DAA}"
EndProject
Global
	GlobalSection(SolutionConfigurationPlatforms) = preSolution
		Debug|x64 = Debug|x64
		Debug|x86 = Debug|x86
		Release|x64 = Release|x64
		Release|x86 = Release|x86
	EndGlobalSection
	GlobalSection(ProjectConfigurationPlatforms) = postSolution
		{DA83B347-95FA-4D89-83F4-EEAB28881DAA}.Debug|x64.ActiveCfg = Debug|x64
		{DA83B347-95FA-4D89-83F4-EEAB28881DAA}.Debug|x64.Build.0 = Debug|x64
		{DA83B347-95FA-4D89-83F4-EEAB28881DAA}.Debug|x86.ActiveCfg = Debug|Win32
		{DA83B347-95FA-4D89-83F4-EEAB28881DAA}.Debug|x86.Build.0 = Debug|Win32
		{DA83B347-95FA-4D89-83F4-EEAB28881DAA}.Release|x64.ActiveCfg = Release|x64
		{DA83B347-95FA-4D89-83F4-EEAB28881DAA}.Release|x64.Build.0 = Release|x64
		{DA83B347-95FA-4D89-83F4-EEAB28881DAA}.Release|x86.ActiveCfg = Release|Win32
		{DA83B347-95FA-4D89-83F4-EEAB28881DAA}.Release|x86.Build.0 = Release|Win32
	EndGlobalSection
	GlobalSection(SolutionProperties) = preSolution
		HideSolutionNode = FALSE
	EndGlobalSection
	GlobalSection(ExtensibilityGlobals) = postSolution
		SolutionGuid = {5B9DF3BC-F48A-4663-A927-A506C9BA62A7}
	EndGlobalSection
EndGlobal
